
Microsoft Visual Studio Solution File, Format Version 12.00
# Visual Studio Version 17
VisualStudioVersion = 17.14.36212.18
MinimumVisualStudioVersion = 10.0.40219.1
Project("{FAE04EC0-301F-11D3-BF4B-00C04F79EFBC}") = "AppDevProj", "AppDevProj\AppDevProj.csproj", "{65788F8B-D0A6-4486-BF04-CBF73ED5868F}"
EndProject
Project("{00D1A9C2-B5F0-4AF3-8072-F6C62B433612}") = "CollectionsDatabase", "CollectionsDatabase\CollectionsDatabase.sqlproj", "{29656EC3-E89B-419C-99E1-9EB04364D5C2}"
EndProject
Global
	GlobalSection(SolutionConfigurationPlatforms) = preSolution
		Debug|Any CPU = Debug|Any CPU
		Release|Any CPU = Release|Any CPU
	EndGlobalSection
	GlobalSection(ProjectConfigurationPlatforms) = postSolution
		{65788F8B-D0A6-4486-BF04-CBF73ED5868F}.Debug|Any CPU.ActiveCfg = Debug|Any CPU
		{65788F8B-D0A6-4486-BF04-CBF73ED5868F}.Debug|Any CPU.Build.0 = Debug|Any CPU
		{65788F8B-D0A6-4486-BF04-CBF73ED5868F}.Release|Any CPU.ActiveCfg = Release|Any CPU
		{65788F8B-D0A6-4486-BF04-CBF73ED5868F}.Release|Any CPU.Build.0 = Release|Any CPU
		{29656EC3-E89B-419C-99E1-9EB04364D5C2}.Debug|Any CPU.ActiveCfg = Debug|Any CPU
		{29656EC3-E89B-419C-99E1-9EB04364D5C2}.Debug|Any CPU.Build.0 = Debug|Any CPU
		{29656EC3-E89B-419C-99E1-9EB04364D5C2}.Debug|Any CPU.Deploy.0 = Debug|Any CPU
		{29656EC3-E89B-419C-99E1-9EB04364D5C2}.Release|Any CPU.ActiveCfg = Release|Any CPU
		{29656EC3-E89B-419C-99E1-9EB04364D5C2}.Release|Any CPU.Build.0 = Release|Any CPU
		{29656EC3-E89B-419C-99E1-9EB04364D5C2}.Release|Any CPU.Deploy.0 = Release|Any CPU
	EndGlobalSection
	GlobalSection(SolutionProperties) = preSolution
		HideSolutionNode = FALSE
	EndGlobalSection
	GlobalSection(ExtensibilityGlobals) = postSolution
		SolutionGuid = {64F39A56-7046-4325-9BBF-82F14C6B6D65}
	EndGlobalSection
EndGlobal
